
Microsoft Visual Studio Solution File, Format Version 12.00
# Visual Studio 15
VisualStudioVersion = 15.0.28307.902
MinimumVisualStudioVersion = 10.0.40219.1
Project("{FAE04EC0-301F-11D3-BF4B-00C04F79EFBC}") = "лр 3 коллекции", "лр 3 коллекции\лр 3 коллекции.csproj", "{5C19E93B-49BF-447D-B831-A295098757B3}"
EndProject
Global
	GlobalSection(SolutionConfigurationPlatforms) = preSolution
		Debug|Any CPU = Debug|Any CPU
		Release|Any CPU = Release|Any CPU
	EndGlobalSection
	GlobalSection(ProjectConfigurationPlatforms) = postSolution
		{5C19E93B-49BF-447D-B831-A295098757B3}.Debug|Any CPU.ActiveCfg = Debug|Any CPU
		{5C19E93B-49BF-447D-B831-A295098757B3}.Debug|Any CPU.Build.0 = Debug|Any CPU
		{5C19E93B-49BF-447D-B831-A295098757B3}.Release|Any CPU.ActiveCfg = Release|Any CPU
		{5C19E93B-49BF-447D-B831-A295098757B3}.Release|Any CPU.Build.0 = Release|Any CPU
	EndGlobalSection
	GlobalSection(SolutionProperties) = preSolution
		HideSolutionNode = FALSE
	EndGlobalSection
	GlobalSection(ExtensibilityGlobals) = postSolution
		SolutionGuid = {B9EDC990-BB8E-453D-BF75-ED7FA8C9F948}
	EndGlobalSection
EndGlobal
