
Microsoft Visual Studio Solution File, Format Version 12.00
# Visual Studio Version 16
VisualStudioVersion = 16.0.31402.337
MinimumVisualStudioVersion = 10.0.40219.1
Project("{FAE04EC0-301F-11D3-BF4B-00C04F79EFBC}") = "лр6", "лр6\лр6.csproj", "{CBA5E921-34B2-41CF-A10E-09220E1EF4F5}"
EndProject
Global
	GlobalSection(SolutionConfigurationPlatforms) = preSolution
		Debug|Any CPU = Debug|Any CPU
		Release|Any CPU = Release|Any CPU
	EndGlobalSection
	GlobalSection(ProjectConfigurationPlatforms) = postSolution
		{CBA5E921-34B2-41CF-A10E-09220E1EF4F5}.Debug|Any CPU.ActiveCfg = Debug|Any CPU
		{CBA5E921-34B2-41CF-A10E-09220E1EF4F5}.Debug|Any CPU.Build.0 = Debug|Any CPU
		{CBA5E921-34B2-41CF-A10E-09220E1EF4F5}.Release|Any CPU.ActiveCfg = Release|Any CPU
		{CBA5E921-34B2-41CF-A10E-09220E1EF4F5}.Release|Any CPU.Build.0 = Release|Any CPU
	EndGlobalSection
	GlobalSection(SolutionProperties) = preSolution
		HideSolutionNode = FALSE
	EndGlobalSection
	GlobalSection(ExtensibilityGlobals) = postSolution
		SolutionGuid = {E3D1045D-0603-4BF7-8390-7AE81679D223}
	EndGlobalSection
EndGlobal
